
Microsoft Visual Studio Solution File, Format Version 12.00
# Visual Studio Version 16
VisualStudioVersion = 16.0.36227.6
MinimumVisualStudioVersion = 10.0.40219.1
Project("{FAE04EC0-301F-11D3-BF4B-00C04F79EFBC}") = "Sistema De jogos que já joguei", "Sistema De jogos que já joguei.csproj", "{1C9555F5-DA91-4DB1-932D-ED5F420EB337}"
EndProject
Global
	GlobalSection(SolutionConfigurationPlatforms) = preSolution
		Debug|Any CPU = Debug|Any CPU
		Release|Any CPU = Release|Any CPU
	EndGlobalSection
	GlobalSection(ProjectConfigurationPlatforms) = postSolution
		{1C9555F5-DA91-4DB1-932D-ED5F420EB337}.Debug|Any CPU.ActiveCfg = Debug|Any CPU
		{1C9555F5-DA91-4DB1-932D-ED5F420EB337}.Debug|Any CPU.Build.0 = Debug|Any CPU
		{1C9555F5-DA91-4DB1-932D-ED5F420EB337}.Release|Any CPU.ActiveCfg = Release|Any CPU
		{1C9555F5-DA91-4DB1-932D-ED5F420EB337}.Release|Any CPU.Build.0 = Release|Any CPU
	EndGlobalSection
	GlobalSection(SolutionProperties) = preSolution
		HideSolutionNode = FALSE
	EndGlobalSection
	GlobalSection(ExtensibilityGlobals) = postSolution
		SolutionGuid = {CDF384F1-5E47-4FAE-91F6-662A0FA3100A}
	EndGlobalSection
EndGlobal
